
Microsoft Visual Studio Solution File, Format Version 12.00
# Visual Studio Version 16
VisualStudioVersion = 16.0.31613.86
MinimumVisualStudioVersion = 10.0.40219.1
Project("{9A19103F-16F7-4668-BE54-9A1E7A4F7556}") = "Test_task", "Test_task\Test_task.csproj", "{B4050ED2-6CF8-4AF4-B915-2934B6C508EB}"
EndProject
Global
	GlobalSection(SolutionConfigurationPlatforms) = preSolution
		Debug|Any CPU = Debug|Any CPU
		Release|Any CPU = Release|Any CPU
	EndGlobalSection
	GlobalSection(ProjectConfigurationPlatforms) = postSolution
		{B4050ED2-6CF8-4AF4-B915-2934B6C508EB}.Debug|Any CPU.ActiveCfg = Debug|Any CPU
		{B4050ED2-6CF8-4AF4-B915-2934B6C508EB}.Debug|Any CPU.Build.0 = Debug|Any CPU
		{B4050ED2-6CF8-4AF4-B915-2934B6C508EB}.Release|Any CPU.ActiveCfg = Release|Any CPU
		{B4050ED2-6CF8-4AF4-B915-2934B6C508EB}.Release|Any CPU.Build.0 = Release|Any CPU
	EndGlobalSection
	GlobalSection(SolutionProperties) = preSolution
		HideSolutionNode = FALSE
	EndGlobalSection
	GlobalSection(ExtensibilityGlobals) = postSolution
		SolutionGuid = {4A64C6D6-8523-4D85-A4F1-D6C264B48487}
	EndGlobalSection
EndGlobal
